
Microsoft Visual Studio Solution File, Format Version 12.00
# Visual Studio Version 17
VisualStudioVersion = 17.5.2.0
MinimumVisualStudioVersion = 10.0.40219.1
Project("{FAE04EC0-301F-11D3-BF4B-00C04F79EFBC}") = "cop", "cop\cli\cop.csproj", "{06A18784-0637-D443-2E01-0885CF7266DF}"
EndProject
Project("{FAE04EC0-301F-11D3-BF4B-00C04F79EFBC}") = "Cop.Core", "cop\shared\Cop.Core.csproj", "{A59C89D5-4849-4803-AA4B-089AEC36A152}"
EndProject
Project("{2150E333-8FDC-42A3-9474-1A3956D46DE8}") = "tests", "tests", "{0AB3BF05-4346-4AA6-1389-037BE0695223}"
EndProject
Project("{FAE04EC0-301F-11D3-BF4B-00C04F79EFBC}") = "Cop.Tests", "tests\Cop.Tests\Cop.Tests.csproj", "{EBACE098-A20A-4CC3-8CB6-2D3712D80F8C}"
EndProject
Project("{FAE04EC0-301F-11D3-BF4B-00C04F79EFBC}") = "language", "cop\language\language.csproj", "{5B755D3D-DC20-4636-A7C0-BB8D57B95200}"
EndProject
Project("{FAE04EC0-301F-11D3-BF4B-00C04F79EFBC}") = "runtime", "cop\runtime\runtime.csproj", "{E1A2B3C4-D5E6-F7A8-B9C0-D1E2F3A4B5C6}"
EndProject
Project("{FAE04EC0-301F-11D3-BF4B-00C04F79EFBC}") = "Lang.Tests", "tests\Lang.Tests\Lang.Tests.csproj", "{5B566B7C-E85C-45B8-8A65-D37FB6160273}"
EndProject
Project("{2150E333-8FDC-42A3-9474-1A3956D46DE8}") = "providers", "providers", "{D9007A03-FD03-1159-6598-E081D0A1BEBA}"
EndProject
Project("{FAE04EC0-301F-11D3-BF4B-00C04F79EFBC}") = "typespec-provider", "providers\typespec-provider\typespec-provider.csproj", "{9A3922EE-93F4-4D6D-9A85-4BD0EF3B5340}"
EndProject
Project("{FAE04EC0-301F-11D3-BF4B-00C04F79EFBC}") = "code-provider", "providers\code-provider\code-provider.csproj", "{3DBBE40F-75DD-47B5-B944-1E131671470A}"
EndProject
Project("{FAE04EC0-301F-11D3-BF4B-00C04F79EFBC}") = "csharp-provider", "providers\csharp-provider\csharp-provider.csproj", "{8037CD96-CF73-4E3D-9AF6-8139046C97EE}"
EndProject
Project("{FAE04EC0-301F-11D3-BF4B-00C04F79EFBC}") = "python-provider", "providers\python-provider\python-provider.csproj", "{441D3F3E-4CB8-4A27-B8B8-64F14CF1047F}"
EndProject
Project("{FAE04EC0-301F-11D3-BF4B-00C04F79EFBC}") = "javascript-provider", "providers\javascript-provider\javascript-provider.csproj", "{1F5549B2-2BF8-46D6-81D2-7561336D068F}"
EndProject
Project("{FAE04EC0-301F-11D3-BF4B-00C04F79EFBC}") = "filesystem-provider", "providers\filesystem-provider\filesystem-provider.csproj", "{0033CC72-A5EF-4CF4-AD7B-91CF152E1C57}"
EndProject
Global
	GlobalSection(SolutionConfigurationPlatforms) = preSolution
		Debug|Any CPU = Debug|Any CPU
		Debug|x64 = Debug|x64
		Debug|x86 = Debug|x86
		Release|Any CPU = Release|Any CPU
		Release|x64 = Release|x64
		Release|x86 = Release|x86
	EndGlobalSection
	GlobalSection(ProjectConfigurationPlatforms) = postSolution
		{06A18784-0637-D443-2E01-0885CF7266DF}.Debug|Any CPU.ActiveCfg = Debug|Any CPU
		{06A18784-0637-D443-2E01-0885CF7266DF}.Debug|Any CPU.Build.0 = Debug|Any CPU
		{06A18784-0637-D443-2E01-0885CF7266DF}.Debug|x64.ActiveCfg = Debug|Any CPU
		{06A18784-0637-D443-2E01-0885CF7266DF}.Debug|x64.Build.0 = Debug|Any CPU
		{06A18784-0637-D443-2E01-0885CF7266DF}.Debug|x86.ActiveCfg = Debug|Any CPU
		{06A18784-0637-D443-2E01-0885CF7266DF}.Debug|x86.Build.0 = Debug|Any CPU
		{06A18784-0637-D443-2E01-0885CF7266DF}.Release|Any CPU.ActiveCfg = Release|Any CPU
		{06A18784-0637-D443-2E01-0885CF7266DF}.Release|Any CPU.Build.0 = Release|Any CPU
		{06A18784-0637-D443-2E01-0885CF7266DF}.Release|x64.ActiveCfg = Release|Any CPU
		{06A18784-0637-D443-2E01-0885CF7266DF}.Release|x64.Build.0 = Release|Any CPU
		{06A18784-0637-D443-2E01-0885CF7266DF}.Release|x86.ActiveCfg = Release|Any CPU
		{06A18784-0637-D443-2E01-0885CF7266DF}.Release|x86.Build.0 = Release|Any CPU
		{A59C89D5-4849-4803-AA4B-089AEC36A152}.Debug|Any CPU.ActiveCfg = Debug|Any CPU
		{A59C89D5-4849-4803-AA4B-089AEC36A152}.Debug|Any CPU.Build.0 = Debug|Any CPU
		{A59C89D5-4849-4803-AA4B-089AEC36A152}.Debug|x64.ActiveCfg = Debug|Any CPU
		{A59C89D5-4849-4803-AA4B-089AEC36A152}.Debug|x64.Build.0 = Debug|Any CPU
		{A59C89D5-4849-4803-AA4B-089AEC36A152}.Debug|x86.ActiveCfg = Debug|Any CPU
		{A59C89D5-4849-4803-AA4B-089AEC36A152}.Debug|x86.Build.0 = Debug|Any CPU
		{A59C89D5-4849-4803-AA4B-089AEC36A152}.Release|Any CPU.ActiveCfg = Release|Any CPU
		{A59C89D5-4849-4803-AA4B-089AEC36A152}.Release|Any CPU.Build.0 = Release|Any CPU
		{A59C89D5-4849-4803-AA4B-089AEC36A152}.Release|x64.ActiveCfg = Release|Any CPU
		{A59C89D5-4849-4803-AA4B-089AEC36A152}.Release|x64.Build.0 = Release|Any CPU
		{A59C89D5-4849-4803-AA4B-089AEC36A152}.Release|x86.ActiveCfg = Release|Any CPU
		{A59C89D5-4849-4803-AA4B-089AEC36A152}.Release|x86.Build.0 = Release|Any CPU
		{EBACE098-A20A-4CC3-8CB6-2D3712D80F8C}.Debug|Any CPU.ActiveCfg = Debug|Any CPU
		{EBACE098-A20A-4CC3-8CB6-2D3712D80F8C}.Debug|Any CPU.Build.0 = Debug|Any CPU
		{EBACE098-A20A-4CC3-8CB6-2D3712D80F8C}.Debug|x64.ActiveCfg = Debug|Any CPU
		{EBACE098-A20A-4CC3-8CB6-2D3712D80F8C}.Debug|x64.Build.0 = Debug|Any CPU
		{EBACE098-A20A-4CC3-8CB6-2D3712D80F8C}.Debug|x86.ActiveCfg = Debug|Any CPU
		{EBACE098-A20A-4CC3-8CB6-2D3712D80F8C}.Debug|x86.Build.0 = Debug|Any CPU
		{EBACE098-A20A-4CC3-8CB6-2D3712D80F8C}.Release|Any CPU.ActiveCfg = Release|Any CPU
		{EBACE098-A20A-4CC3-8CB6-2D3712D80F8C}.Release|Any CPU.Build.0 = Release|Any CPU
		{EBACE098-A20A-4CC3-8CB6-2D3712D80F8C}.Release|x64.ActiveCfg = Release|Any CPU
		{EBACE098-A20A-4CC3-8CB6-2D3712D80F8C}.Release|x64.Build.0 = Release|Any CPU
		{EBACE098-A20A-4CC3-8CB6-2D3712D80F8C}.Release|x86.ActiveCfg = Release|Any CPU
		{EBACE098-A20A-4CC3-8CB6-2D3712D80F8C}.Release|x86.Build.0 = Release|Any CPU
		{5B755D3D-DC20-4636-A7C0-BB8D57B95200}.Debug|Any CPU.ActiveCfg = Debug|Any CPU
		{5B755D3D-DC20-4636-A7C0-BB8D57B95200}.Debug|Any CPU.Build.0 = Debug|Any CPU
		{5B755D3D-DC20-4636-A7C0-BB8D57B95200}.Debug|x64.ActiveCfg = Debug|Any CPU
		{5B755D3D-DC20-4636-A7C0-BB8D57B95200}.Debug|x64.Build.0 = Debug|Any CPU
		{5B755D3D-DC20-4636-A7C0-BB8D57B95200}.Debug|x86.ActiveCfg = Debug|Any CPU
		{5B755D3D-DC20-4636-A7C0-BB8D57B95200}.Debug|x86.Build.0 = Debug|Any CPU
		{5B755D3D-DC20-4636-A7C0-BB8D57B95200}.Release|Any CPU.ActiveCfg = Release|Any CPU
		{5B755D3D-DC20-4636-A7C0-BB8D57B95200}.Release|Any CPU.Build.0 = Release|Any CPU
		{5B755D3D-DC20-4636-A7C0-BB8D57B95200}.Release|x64.ActiveCfg = Release|Any CPU
		{5B755D3D-DC20-4636-A7C0-BB8D57B95200}.Release|x64.Build.0 = Release|Any CPU
		{5B755D3D-DC20-4636-A7C0-BB8D57B95200}.Release|x86.ActiveCfg = Release|Any CPU
		{5B755D3D-DC20-4636-A7C0-BB8D57B95200}.Release|x86.Build.0 = Release|Any CPU
		{E1A2B3C4-D5E6-F7A8-B9C0-D1E2F3A4B5C6}.Debug|Any CPU.ActiveCfg = Debug|Any CPU
		{E1A2B3C4-D5E6-F7A8-B9C0-D1E2F3A4B5C6}.Debug|Any CPU.Build.0 = Debug|Any CPU
		{E1A2B3C4-D5E6-F7A8-B9C0-D1E2F3A4B5C6}.Debug|x64.ActiveCfg = Debug|Any CPU
		{E1A2B3C4-D5E6-F7A8-B9C0-D1E2F3A4B5C6}.Debug|x64.Build.0 = Debug|Any CPU
		{E1A2B3C4-D5E6-F7A8-B9C0-D1E2F3A4B5C6}.Debug|x86.ActiveCfg = Debug|Any CPU
		{E1A2B3C4-D5E6-F7A8-B9C0-D1E2F3A4B5C6}.Debug|x86.Build.0 = Debug|Any CPU
		{E1A2B3C4-D5E6-F7A8-B9C0-D1E2F3A4B5C6}.Release|Any CPU.ActiveCfg = Release|Any CPU
		{E1A2B3C4-D5E6-F7A8-B9C0-D1E2F3A4B5C6}.Release|Any CPU.Build.0 = Release|Any CPU
		{E1A2B3C4-D5E6-F7A8-B9C0-D1E2F3A4B5C6}.Release|x64.ActiveCfg = Release|Any CPU
		{E1A2B3C4-D5E6-F7A8-B9C0-D1E2F3A4B5C6}.Release|x64.Build.0 = Release|Any CPU
		{E1A2B3C4-D5E6-F7A8-B9C0-D1E2F3A4B5C6}.Release|x86.ActiveCfg = Release|Any CPU
		{E1A2B3C4-D5E6-F7A8-B9C0-D1E2F3A4B5C6}.Release|x86.Build.0 = Release|Any CPU
		{5B566B7C-E85C-45B8-8A65-D37FB6160273}.Debug|Any CPU.ActiveCfg = Debug|Any CPU
		{5B566B7C-E85C-45B8-8A65-D37FB6160273}.Debug|Any CPU.Build.0 = Debug|Any CPU
		{5B566B7C-E85C-45B8-8A65-D37FB6160273}.Debug|x64.ActiveCfg = Debug|Any CPU
		{5B566B7C-E85C-45B8-8A65-D37FB6160273}.Debug|x64.Build.0 = Debug|Any CPU
		{5B566B7C-E85C-45B8-8A65-D37FB6160273}.Debug|x86.ActiveCfg = Debug|Any CPU
		{5B566B7C-E85C-45B8-8A65-D37FB6160273}.Debug|x86.Build.0 = Debug|Any CPU
		{5B566B7C-E85C-45B8-8A65-D37FB6160273}.Release|Any CPU.ActiveCfg = Release|Any CPU
		{5B566B7C-E85C-45B8-8A65-D37FB6160273}.Release|Any CPU.Build.0 = Release|Any CPU
		{5B566B7C-E85C-45B8-8A65-D37FB6160273}.Release|x64.ActiveCfg = Release|Any CPU
		{5B566B7C-E85C-45B8-8A65-D37FB6160273}.Release|x64.Build.0 = Release|Any CPU
		{5B566B7C-E85C-45B8-8A65-D37FB6160273}.Release|x86.ActiveCfg = Release|Any CPU
		{5B566B7C-E85C-45B8-8A65-D37FB6160273}.Release|x86.Build.0 = Release|Any CPU
		{9A3922EE-93F4-4D6D-9A85-4BD0EF3B5340}.Debug|Any CPU.ActiveCfg = Debug|Any CPU
		{9A3922EE-93F4-4D6D-9A85-4BD0EF3B5340}.Debug|Any CPU.Build.0 = Debug|Any CPU
		{9A3922EE-93F4-4D6D-9A85-4BD0EF3B5340}.Debug|x64.ActiveCfg = Debug|Any CPU
		{9A3922EE-93F4-4D6D-9A85-4BD0EF3B5340}.Debug|x64.Build.0 = Debug|Any CPU
		{9A3922EE-93F4-4D6D-9A85-4BD0EF3B5340}.Debug|x86.ActiveCfg = Debug|Any CPU
		{9A3922EE-93F4-4D6D-9A85-4BD0EF3B5340}.Debug|x86.Build.0 = Debug|Any CPU
		{9A3922EE-93F4-4D6D-9A85-4BD0EF3B5340}.Release|Any CPU.ActiveCfg = Release|Any CPU
		{9A3922EE-93F4-4D6D-9A85-4BD0EF3B5340}.Release|Any CPU.Build.0 = Release|Any CPU
		{9A3922EE-93F4-4D6D-9A85-4BD0EF3B5340}.Release|x64.ActiveCfg = Release|Any CPU
		{9A3922EE-93F4-4D6D-9A85-4BD0EF3B5340}.Release|x64.Build.0 = Release|Any CPU
		{9A3922EE-93F4-4D6D-9A85-4BD0EF3B5340}.Release|x86.ActiveCfg = Release|Any CPU
		{9A3922EE-93F4-4D6D-9A85-4BD0EF3B5340}.Release|x86.Build.0 = Release|Any CPU
		{3DBBE40F-75DD-47B5-B944-1E131671470A}.Debug|Any CPU.ActiveCfg = Debug|Any CPU
		{3DBBE40F-75DD-47B5-B944-1E131671470A}.Debug|Any CPU.Build.0 = Debug|Any CPU
		{3DBBE40F-75DD-47B5-B944-1E131671470A}.Debug|x64.ActiveCfg = Debug|Any CPU
		{3DBBE40F-75DD-47B5-B944-1E131671470A}.Debug|x64.Build.0 = Debug|Any CPU
		{3DBBE40F-75DD-47B5-B944-1E131671470A}.Debug|x86.ActiveCfg = Debug|Any CPU
		{3DBBE40F-75DD-47B5-B944-1E131671470A}.Debug|x86.Build.0 = Debug|Any CPU
		{3DBBE40F-75DD-47B5-B944-1E131671470A}.Release|Any CPU.ActiveCfg = Release|Any CPU
		{3DBBE40F-75DD-47B5-B944-1E131671470A}.Release|Any CPU.Build.0 = Release|Any CPU
		{3DBBE40F-75DD-47B5-B944-1E131671470A}.Release|x64.ActiveCfg = Release|Any CPU
		{3DBBE40F-75DD-47B5-B944-1E131671470A}.Release|x64.Build.0 = Release|Any CPU
		{3DBBE40F-75DD-47B5-B944-1E131671470A}.Release|x86.ActiveCfg = Release|Any CPU
		{3DBBE40F-75DD-47B5-B944-1E131671470A}.Release|x86.Build.0 = Release|Any CPU
		{8037CD96-CF73-4E3D-9AF6-8139046C97EE}.Debug|Any CPU.ActiveCfg = Debug|Any CPU
		{8037CD96-CF73-4E3D-9AF6-8139046C97EE}.Debug|Any CPU.Build.0 = Debug|Any CPU
		{8037CD96-CF73-4E3D-9AF6-8139046C97EE}.Debug|x64.ActiveCfg = Debug|Any CPU
		{8037CD96-CF73-4E3D-9AF6-8139046C97EE}.Debug|x64.Build.0 = Debug|Any CPU
		{8037CD96-CF73-4E3D-9AF6-8139046C97EE}.Debug|x86.ActiveCfg = Debug|Any CPU
		{8037CD96-CF73-4E3D-9AF6-8139046C97EE}.Debug|x86.Build.0 = Debug|Any CPU
		{8037CD96-CF73-4E3D-9AF6-8139046C97EE}.Release|Any CPU.ActiveCfg = Release|Any CPU
		{8037CD96-CF73-4E3D-9AF6-8139046C97EE}.Release|Any CPU.Build.0 = Release|Any CPU
		{8037CD96-CF73-4E3D-9AF6-8139046C97EE}.Release|x64.ActiveCfg = Release|Any CPU
		{8037CD96-CF73-4E3D-9AF6-8139046C97EE}.Release|x64.Build.0 = Release|Any CPU
		{8037CD96-CF73-4E3D-9AF6-8139046C97EE}.Release|x86.ActiveCfg = Release|Any CPU
		{8037CD96-CF73-4E3D-9AF6-8139046C97EE}.Release|x86.Build.0 = Release|Any CPU
		{441D3F3E-4CB8-4A27-B8B8-64F14CF1047F}.Debug|Any CPU.ActiveCfg = Debug|Any CPU
		{441D3F3E-4CB8-4A27-B8B8-64F14CF1047F}.Debug|Any CPU.Build.0 = Debug|Any CPU
		{441D3F3E-4CB8-4A27-B8B8-64F14CF1047F}.Debug|x64.ActiveCfg = Debug|Any CPU
		{441D3F3E-4CB8-4A27-B8B8-64F14CF1047F}.Debug|x64.Build.0 = Debug|Any CPU
		{441D3F3E-4CB8-4A27-B8B8-64F14CF1047F}.Debug|x86.ActiveCfg = Debug|Any CPU
		{441D3F3E-4CB8-4A27-B8B8-64F14CF1047F}.Debug|x86.Build.0 = Debug|Any CPU
		{441D3F3E-4CB8-4A27-B8B8-64F14CF1047F}.Release|Any CPU.ActiveCfg = Release|Any CPU
		{441D3F3E-4CB8-4A27-B8B8-64F14CF1047F}.Release|Any CPU.Build.0 = Release|Any CPU
		{441D3F3E-4CB8-4A27-B8B8-64F14CF1047F}.Release|x64.ActiveCfg = Release|Any CPU
		{441D3F3E-4CB8-4A27-B8B8-64F14CF1047F}.Release|x64.Build.0 = Release|Any CPU
		{441D3F3E-4CB8-4A27-B8B8-64F14CF1047F}.Release|x86.ActiveCfg = Release|Any CPU
		{441D3F3E-4CB8-4A27-B8B8-64F14CF1047F}.Release|x86.Build.0 = Release|Any CPU
		{1F5549B2-2BF8-46D6-81D2-7561336D068F}.Debug|Any CPU.ActiveCfg = Debug|Any CPU
		{1F5549B2-2BF8-46D6-81D2-7561336D068F}.Debug|Any CPU.Build.0 = Debug|Any CPU
		{1F5549B2-2BF8-46D6-81D2-7561336D068F}.Debug|x64.ActiveCfg = Debug|Any CPU
		{1F5549B2-2BF8-46D6-81D2-7561336D068F}.Debug|x64.Build.0 = Debug|Any CPU
		{1F5549B2-2BF8-46D6-81D2-7561336D068F}.Debug|x86.ActiveCfg = Debug|Any CPU
		{1F5549B2-2BF8-46D6-81D2-7561336D068F}.Debug|x86.Build.0 = Debug|Any CPU
		{1F5549B2-2BF8-46D6-81D2-7561336D068F}.Release|Any CPU.ActiveCfg = Release|Any CPU
		{1F5549B2-2BF8-46D6-81D2-7561336D068F}.Release|Any CPU.Build.0 = Release|Any CPU
		{1F5549B2-2BF8-46D6-81D2-7561336D068F}.Release|x64.ActiveCfg = Release|Any CPU
		{1F5549B2-2BF8-46D6-81D2-7561336D068F}.Release|x64.Build.0 = Release|Any CPU
		{1F5549B2-2BF8-46D6-81D2-7561336D068F}.Release|x86.ActiveCfg = Release|Any CPU
		{1F5549B2-2BF8-46D6-81D2-7561336D068F}.Release|x86.Build.0 = Release|Any CPU
		{0033CC72-A5EF-4CF4-AD7B-91CF152E1C57}.Debug|Any CPU.ActiveCfg = Debug|Any CPU
		{0033CC72-A5EF-4CF4-AD7B-91CF152E1C57}.Debug|Any CPU.Build.0 = Debug|Any CPU
		{0033CC72-A5EF-4CF4-AD7B-91CF152E1C57}.Debug|x64.ActiveCfg = Debug|Any CPU
		{0033CC72-A5EF-4CF4-AD7B-91CF152E1C57}.Debug|x64.Build.0 = Debug|Any CPU
		{0033CC72-A5EF-4CF4-AD7B-91CF152E1C57}.Debug|x86.ActiveCfg = Debug|Any CPU
		{0033CC72-A5EF-4CF4-AD7B-91CF152E1C57}.Debug|x86.Build.0 = Debug|Any CPU
		{0033CC72-A5EF-4CF4-AD7B-91CF152E1C57}.Release|Any CPU.ActiveCfg = Release|Any CPU
		{0033CC72-A5EF-4CF4-AD7B-91CF152E1C57}.Release|Any CPU.Build.0 = Release|Any CPU
		{0033CC72-A5EF-4CF4-AD7B-91CF152E1C57}.Release|x64.ActiveCfg = Release|Any CPU
		{0033CC72-A5EF-4CF4-AD7B-91CF152E1C57}.Release|x64.Build.0 = Release|Any CPU
		{0033CC72-A5EF-4CF4-AD7B-91CF152E1C57}.Release|x86.ActiveCfg = Release|Any CPU
		{0033CC72-A5EF-4CF4-AD7B-91CF152E1C57}.Release|x86.Build.0 = Release|Any CPU
	EndGlobalSection
	GlobalSection(SolutionProperties) = preSolution
		HideSolutionNode = FALSE
	EndGlobalSection
	GlobalSection(NestedProjects) = preSolution
		{EBACE098-A20A-4CC3-8CB6-2D3712D80F8C} = {0AB3BF05-4346-4AA6-1389-037BE0695223}
		{5B566B7C-E85C-45B8-8A65-D37FB6160273} = {0AB3BF05-4346-4AA6-1389-037BE0695223}
		{9A3922EE-93F4-4D6D-9A85-4BD0EF3B5340} = {D9007A03-FD03-1159-6598-E081D0A1BEBA}
		{3DBBE40F-75DD-47B5-B944-1E131671470A} = {D9007A03-FD03-1159-6598-E081D0A1BEBA}
		{8037CD96-CF73-4E3D-9AF6-8139046C97EE} = {D9007A03-FD03-1159-6598-E081D0A1BEBA}
		{441D3F3E-4CB8-4A27-B8B8-64F14CF1047F} = {D9007A03-FD03-1159-6598-E081D0A1BEBA}
		{1F5549B2-2BF8-46D6-81D2-7561336D068F} = {D9007A03-FD03-1159-6598-E081D0A1BEBA}
		{0033CC72-A5EF-4CF4-AD7B-91CF152E1C57} = {D9007A03-FD03-1159-6598-E081D0A1BEBA}
	EndGlobalSection
	GlobalSection(ExtensibilityGlobals) = postSolution
		SolutionGuid = {CEF3F5DE-CED1-47B0-BF43-FAAE84622A01}
	EndGlobalSection
EndGlobal
