
Microsoft Visual Studio Solution File, Format Version 12.00
# Visual Studio Version 17
VisualStudioVersion = 17.5.2.0
MinimumVisualStudioVersion = 10.0.40219.1
Project("{FAE04EC0-301F-11D3-BF4B-00C04F79EFBC}") = "cop", "cop\cli\cop.csproj", "{06A18784-0637-D443-2E01-0885CF7266DF}"
EndProject
Project("{FAE04EC0-301F-11D3-BF4B-00C04F79EFBC}") = "Cop.Core", "cop\shared\Cop.Core.csproj", "{A59C89D5-4849-4803-AA4B-089AEC36A152}"
EndProject
Project("{2150E333-8FDC-42A3-9474-1A3956D46DE8}") = "tests", "tests", "{0AB3BF05-4346-4AA6-1389-037BE0695223}"
EndProject
Project("{FAE04EC0-301F-11D3-BF4B-00C04F79EFBC}") = "Cop.Tests", "tests\Cop.Tests\Cop.Tests.csproj", "{EBACE098-A20A-4CC3-8CB6-2D3712D80F8C}"
EndProject
Project("{FAE04EC0-301F-11D3-BF4B-00C04F79EFBC}") = "runtime", "cop\runtime\runtime.csproj", "{E1A2B3C4-D5E6-F7A8-B9C0-D1E2F3A4B5C6}"
EndProject
Project("{FAE04EC0-301F-11D3-BF4B-00C04F79EFBC}") = "Lang.Tests", "tests\Lang.Tests\Lang.Tests.csproj", "{5B566B7C-E85C-45B8-8A65-D37FB6160273}"
EndProject
Project("{2150E333-8FDC-42A3-9474-1A3956D46DE8}") = "providers", "providers", "{D9007A03-FD03-1159-6598-E081D0A1BEBA}"
EndProject
Project("{FAE04EC0-301F-11D3-BF4B-00C04F79EFBC}") = "typespec-provider", "providers\typespec-provider\typespec-provider.csproj", "{9A3922EE-93F4-4D6D-9A85-4BD0EF3B5340}"
EndProject
Project("{FAE04EC0-301F-11D3-BF4B-00C04F79EFBC}") = "filesystem-provider", "providers\filesystem-provider\filesystem-provider.csproj", "{0033CC72-A5EF-4CF4-AD7B-91CF152E1C57}"
EndProject
Project("{FAE04EC0-301F-11D3-BF4B-00C04F79EFBC}") = "markdown-provider", "providers\markdown-provider\markdown-provider.csproj", "{3E1EDA26-0F07-4F99-9E78-69CDC3E7DAF2}"
EndProject
Project("{FAE04EC0-301F-11D3-BF4B-00C04F79EFBC}") = "code", "providers\code\code.csproj", "{15EE24A3-CC41-44BC-B939-31B4EAECEF89}"
EndProject
Project("{FAE04EC0-301F-11D3-BF4B-00C04F79EFBC}") = "json-provider", "providers\json-provider\json-provider.csproj", "{5FBCF716-C7BA-4411-A7A3-367F60DB1F86}"
EndProject
Project("{2150E333-8FDC-42A3-9474-1A3956D46DE8}") = "http-provider", "http-provider", "{BC16DADC-A0EB-B16A-6EF7-CA4A79ED8B78}"
EndProject
Project("{2150E333-8FDC-42A3-9474-1A3956D46DE8}") = "src", "src", "{A2DAD138-319D-B3C6-29AB-211E5B7C3918}"
EndProject
Project("{FAE04EC0-301F-11D3-BF4B-00C04F79EFBC}") = "HttpProvider", "providers\http-provider\src\HttpProvider.csproj", "{FF9B88E1-AC76-42E8-BE3D-EBABEE1EA4DA}"
EndProject
Global
	GlobalSection(SolutionConfigurationPlatforms) = preSolution
		Debug|Any CPU = Debug|Any CPU
		Debug|x64 = Debug|x64
		Debug|x86 = Debug|x86
		Release|Any CPU = Release|Any CPU
		Release|x64 = Release|x64
		Release|x86 = Release|x86
	EndGlobalSection
	GlobalSection(ProjectConfigurationPlatforms) = postSolution
		{06A18784-0637-D443-2E01-0885CF7266DF}.Debug|Any CPU.ActiveCfg = Debug|Any CPU
		{06A18784-0637-D443-2E01-0885CF7266DF}.Debug|Any CPU.Build.0 = Debug|Any CPU
		{06A18784-0637-D443-2E01-0885CF7266DF}.Debug|x64.ActiveCfg = Debug|Any CPU
		{06A18784-0637-D443-2E01-0885CF7266DF}.Debug|x64.Build.0 = Debug|Any CPU
		{06A18784-0637-D443-2E01-0885CF7266DF}.Debug|x86.ActiveCfg = Debug|Any CPU
		{06A18784-0637-D443-2E01-0885CF7266DF}.Debug|x86.Build.0 = Debug|Any CPU
		{06A18784-0637-D443-2E01-0885CF7266DF}.Release|Any CPU.ActiveCfg = Release|Any CPU
		{06A18784-0637-D443-2E01-0885CF7266DF}.Release|Any CPU.Build.0 = Release|Any CPU
		{06A18784-0637-D443-2E01-0885CF7266DF}.Release|x64.ActiveCfg = Release|Any CPU
		{06A18784-0637-D443-2E01-0885CF7266DF}.Release|x64.Build.0 = Release|Any CPU
		{06A18784-0637-D443-2E01-0885CF7266DF}.Release|x86.ActiveCfg = Release|Any CPU
		{06A18784-0637-D443-2E01-0885CF7266DF}.Release|x86.Build.0 = Release|Any CPU
		{A59C89D5-4849-4803-AA4B-089AEC36A152}.Debug|Any CPU.ActiveCfg = Debug|Any CPU
		{A59C89D5-4849-4803-AA4B-089AEC36A152}.Debug|Any CPU.Build.0 = Debug|Any CPU
		{A59C89D5-4849-4803-AA4B-089AEC36A152}.Debug|x64.ActiveCfg = Debug|Any CPU
		{A59C89D5-4849-4803-AA4B-089AEC36A152}.Debug|x64.Build.0 = Debug|Any CPU
		{A59C89D5-4849-4803-AA4B-089AEC36A152}.Debug|x86.ActiveCfg = Debug|Any CPU
		{A59C89D5-4849-4803-AA4B-089AEC36A152}.Debug|x86.Build.0 = Debug|Any CPU
		{A59C89D5-4849-4803-AA4B-089AEC36A152}.Release|Any CPU.ActiveCfg = Release|Any CPU
		{A59C89D5-4849-4803-AA4B-089AEC36A152}.Release|Any CPU.Build.0 = Release|Any CPU
		{A59C89D5-4849-4803-AA4B-089AEC36A152}.Release|x64.ActiveCfg = Release|Any CPU
		{A59C89D5-4849-4803-AA4B-089AEC36A152}.Release|x64.Build.0 = Release|Any CPU
		{A59C89D5-4849-4803-AA4B-089AEC36A152}.Release|x86.ActiveCfg = Release|Any CPU
		{A59C89D5-4849-4803-AA4B-089AEC36A152}.Release|x86.Build.0 = Release|Any CPU
		{EBACE098-A20A-4CC3-8CB6-2D3712D80F8C}.Debug|Any CPU.ActiveCfg = Debug|Any CPU
		{EBACE098-A20A-4CC3-8CB6-2D3712D80F8C}.Debug|Any CPU.Build.0 = Debug|Any CPU
		{EBACE098-A20A-4CC3-8CB6-2D3712D80F8C}.Debug|x64.ActiveCfg = Debug|Any CPU
		{EBACE098-A20A-4CC3-8CB6-2D3712D80F8C}.Debug|x64.Build.0 = Debug|Any CPU
		{EBACE098-A20A-4CC3-8CB6-2D3712D80F8C}.Debug|x86.ActiveCfg = Debug|Any CPU
		{EBACE098-A20A-4CC3-8CB6-2D3712D80F8C}.Debug|x86.Build.0 = Debug|Any CPU
		{EBACE098-A20A-4CC3-8CB6-2D3712D80F8C}.Release|Any CPU.ActiveCfg = Release|Any CPU
		{EBACE098-A20A-4CC3-8CB6-2D3712D80F8C}.Release|Any CPU.Build.0 = Release|Any CPU
		{EBACE098-A20A-4CC3-8CB6-2D3712D80F8C}.Release|x64.ActiveCfg = Release|Any CPU
		{EBACE098-A20A-4CC3-8CB6-2D3712D80F8C}.Release|x64.Build.0 = Release|Any CPU
		{EBACE098-A20A-4CC3-8CB6-2D3712D80F8C}.Release|x86.ActiveCfg = Release|Any CPU
		{EBACE098-A20A-4CC3-8CB6-2D3712D80F8C}.Release|x86.Build.0 = Release|Any CPU
		{E1A2B3C4-D5E6-F7A8-B9C0-D1E2F3A4B5C6}.Debug|Any CPU.ActiveCfg = Debug|Any CPU
		{E1A2B3C4-D5E6-F7A8-B9C0-D1E2F3A4B5C6}.Debug|Any CPU.Build.0 = Debug|Any CPU
		{E1A2B3C4-D5E6-F7A8-B9C0-D1E2F3A4B5C6}.Debug|x64.ActiveCfg = Debug|Any CPU
		{E1A2B3C4-D5E6-F7A8-B9C0-D1E2F3A4B5C6}.Debug|x64.Build.0 = Debug|Any CPU
		{E1A2B3C4-D5E6-F7A8-B9C0-D1E2F3A4B5C6}.Debug|x86.ActiveCfg = Debug|Any CPU
		{E1A2B3C4-D5E6-F7A8-B9C0-D1E2F3A4B5C6}.Debug|x86.Build.0 = Debug|Any CPU
		{E1A2B3C4-D5E6-F7A8-B9C0-D1E2F3A4B5C6}.Release|Any CPU.ActiveCfg = Release|Any CPU
		{E1A2B3C4-D5E6-F7A8-B9C0-D1E2F3A4B5C6}.Release|Any CPU.Build.0 = Release|Any CPU
		{E1A2B3C4-D5E6-F7A8-B9C0-D1E2F3A4B5C6}.Release|x64.ActiveCfg = Release|Any CPU
		{E1A2B3C4-D5E6-F7A8-B9C0-D1E2F3A4B5C6}.Release|x64.Build.0 = Release|Any CPU
		{E1A2B3C4-D5E6-F7A8-B9C0-D1E2F3A4B5C6}.Release|x86.ActiveCfg = Release|Any CPU
		{E1A2B3C4-D5E6-F7A8-B9C0-D1E2F3A4B5C6}.Release|x86.Build.0 = Release|Any CPU
		{5B566B7C-E85C-45B8-8A65-D37FB6160273}.Debug|Any CPU.ActiveCfg = Debug|Any CPU
		{5B566B7C-E85C-45B8-8A65-D37FB6160273}.Debug|Any CPU.Build.0 = Debug|Any CPU
		{5B566B7C-E85C-45B8-8A65-D37FB6160273}.Debug|x64.ActiveCfg = Debug|Any CPU
		{5B566B7C-E85C-45B8-8A65-D37FB6160273}.Debug|x64.Build.0 = Debug|Any CPU
		{5B566B7C-E85C-45B8-8A65-D37FB6160273}.Debug|x86.ActiveCfg = Debug|Any CPU
		{5B566B7C-E85C-45B8-8A65-D37FB6160273}.Debug|x86.Build.0 = Debug|Any CPU
		{5B566B7C-E85C-45B8-8A65-D37FB6160273}.Release|Any CPU.ActiveCfg = Release|Any CPU
		{5B566B7C-E85C-45B8-8A65-D37FB6160273}.Release|Any CPU.Build.0 = Release|Any CPU
		{5B566B7C-E85C-45B8-8A65-D37FB6160273}.Release|x64.ActiveCfg = Release|Any CPU
		{5B566B7C-E85C-45B8-8A65-D37FB6160273}.Release|x64.Build.0 = Release|Any CPU
		{5B566B7C-E85C-45B8-8A65-D37FB6160273}.Release|x86.ActiveCfg = Release|Any CPU
		{5B566B7C-E85C-45B8-8A65-D37FB6160273}.Release|x86.Build.0 = Release|Any CPU
		{9A3922EE-93F4-4D6D-9A85-4BD0EF3B5340}.Debug|Any CPU.ActiveCfg = Debug|Any CPU
		{9A3922EE-93F4-4D6D-9A85-4BD0EF3B5340}.Debug|Any CPU.Build.0 = Debug|Any CPU
		{9A3922EE-93F4-4D6D-9A85-4BD0EF3B5340}.Debug|x64.ActiveCfg = Debug|Any CPU
		{9A3922EE-93F4-4D6D-9A85-4BD0EF3B5340}.Debug|x64.Build.0 = Debug|Any CPU
		{9A3922EE-93F4-4D6D-9A85-4BD0EF3B5340}.Debug|x86.ActiveCfg = Debug|Any CPU
		{9A3922EE-93F4-4D6D-9A85-4BD0EF3B5340}.Debug|x86.Build.0 = Debug|Any CPU
		{9A3922EE-93F4-4D6D-9A85-4BD0EF3B5340}.Release|Any CPU.ActiveCfg = Release|Any CPU
		{9A3922EE-93F4-4D6D-9A85-4BD0EF3B5340}.Release|Any CPU.Build.0 = Release|Any CPU
		{9A3922EE-93F4-4D6D-9A85-4BD0EF3B5340}.Release|x64.ActiveCfg = Release|Any CPU
		{9A3922EE-93F4-4D6D-9A85-4BD0EF3B5340}.Release|x64.Build.0 = Release|Any CPU
		{9A3922EE-93F4-4D6D-9A85-4BD0EF3B5340}.Release|x86.ActiveCfg = Release|Any CPU
		{9A3922EE-93F4-4D6D-9A85-4BD0EF3B5340}.Release|x86.Build.0 = Release|Any CPU
		{0033CC72-A5EF-4CF4-AD7B-91CF152E1C57}.Debug|Any CPU.ActiveCfg = Debug|Any CPU
		{0033CC72-A5EF-4CF4-AD7B-91CF152E1C57}.Debug|Any CPU.Build.0 = Debug|Any CPU
		{0033CC72-A5EF-4CF4-AD7B-91CF152E1C57}.Debug|x64.ActiveCfg = Debug|Any CPU
		{0033CC72-A5EF-4CF4-AD7B-91CF152E1C57}.Debug|x64.Build.0 = Debug|Any CPU
		{0033CC72-A5EF-4CF4-AD7B-91CF152E1C57}.Debug|x86.ActiveCfg = Debug|Any CPU
		{0033CC72-A5EF-4CF4-AD7B-91CF152E1C57}.Debug|x86.Build.0 = Debug|Any CPU
		{0033CC72-A5EF-4CF4-AD7B-91CF152E1C57}.Release|Any CPU.ActiveCfg = Release|Any CPU
		{0033CC72-A5EF-4CF4-AD7B-91CF152E1C57}.Release|Any CPU.Build.0 = Release|Any CPU
		{0033CC72-A5EF-4CF4-AD7B-91CF152E1C57}.Release|x64.ActiveCfg = Release|Any CPU
		{0033CC72-A5EF-4CF4-AD7B-91CF152E1C57}.Release|x64.Build.0 = Release|Any CPU
		{0033CC72-A5EF-4CF4-AD7B-91CF152E1C57}.Release|x86.ActiveCfg = Release|Any CPU
		{0033CC72-A5EF-4CF4-AD7B-91CF152E1C57}.Release|x86.Build.0 = Release|Any CPU
		{3E1EDA26-0F07-4F99-9E78-69CDC3E7DAF2}.Debug|Any CPU.ActiveCfg = Debug|Any CPU
		{3E1EDA26-0F07-4F99-9E78-69CDC3E7DAF2}.Debug|Any CPU.Build.0 = Debug|Any CPU
		{3E1EDA26-0F07-4F99-9E78-69CDC3E7DAF2}.Debug|x64.ActiveCfg = Debug|Any CPU
		{3E1EDA26-0F07-4F99-9E78-69CDC3E7DAF2}.Debug|x64.Build.0 = Debug|Any CPU
		{3E1EDA26-0F07-4F99-9E78-69CDC3E7DAF2}.Debug|x86.ActiveCfg = Debug|Any CPU
		{3E1EDA26-0F07-4F99-9E78-69CDC3E7DAF2}.Debug|x86.Build.0 = Debug|Any CPU
		{3E1EDA26-0F07-4F99-9E78-69CDC3E7DAF2}.Release|Any CPU.ActiveCfg = Release|Any CPU
		{3E1EDA26-0F07-4F99-9E78-69CDC3E7DAF2}.Release|Any CPU.Build.0 = Release|Any CPU
		{3E1EDA26-0F07-4F99-9E78-69CDC3E7DAF2}.Release|x64.ActiveCfg = Release|Any CPU
		{3E1EDA26-0F07-4F99-9E78-69CDC3E7DAF2}.Release|x64.Build.0 = Release|Any CPU
		{3E1EDA26-0F07-4F99-9E78-69CDC3E7DAF2}.Release|x86.ActiveCfg = Release|Any CPU
		{3E1EDA26-0F07-4F99-9E78-69CDC3E7DAF2}.Release|x86.Build.0 = Release|Any CPU
		{15EE24A3-CC41-44BC-B939-31B4EAECEF89}.Debug|Any CPU.ActiveCfg = Debug|Any CPU
		{15EE24A3-CC41-44BC-B939-31B4EAECEF89}.Debug|Any CPU.Build.0 = Debug|Any CPU
		{15EE24A3-CC41-44BC-B939-31B4EAECEF89}.Debug|x64.ActiveCfg = Debug|Any CPU
		{15EE24A3-CC41-44BC-B939-31B4EAECEF89}.Debug|x64.Build.0 = Debug|Any CPU
		{15EE24A3-CC41-44BC-B939-31B4EAECEF89}.Debug|x86.ActiveCfg = Debug|Any CPU
		{15EE24A3-CC41-44BC-B939-31B4EAECEF89}.Debug|x86.Build.0 = Debug|Any CPU
		{15EE24A3-CC41-44BC-B939-31B4EAECEF89}.Release|Any CPU.ActiveCfg = Release|Any CPU
		{15EE24A3-CC41-44BC-B939-31B4EAECEF89}.Release|Any CPU.Build.0 = Release|Any CPU
		{15EE24A3-CC41-44BC-B939-31B4EAECEF89}.Release|x64.ActiveCfg = Release|Any CPU
		{15EE24A3-CC41-44BC-B939-31B4EAECEF89}.Release|x64.Build.0 = Release|Any CPU
		{15EE24A3-CC41-44BC-B939-31B4EAECEF89}.Release|x86.ActiveCfg = Release|Any CPU
		{15EE24A3-CC41-44BC-B939-31B4EAECEF89}.Release|x86.Build.0 = Release|Any CPU
		{5FBCF716-C7BA-4411-A7A3-367F60DB1F86}.Debug|Any CPU.ActiveCfg = Debug|Any CPU
		{5FBCF716-C7BA-4411-A7A3-367F60DB1F86}.Debug|Any CPU.Build.0 = Debug|Any CPU
		{5FBCF716-C7BA-4411-A7A3-367F60DB1F86}.Debug|x64.ActiveCfg = Debug|Any CPU
		{5FBCF716-C7BA-4411-A7A3-367F60DB1F86}.Debug|x64.Build.0 = Debug|Any CPU
		{5FBCF716-C7BA-4411-A7A3-367F60DB1F86}.Debug|x86.ActiveCfg = Debug|Any CPU
		{5FBCF716-C7BA-4411-A7A3-367F60DB1F86}.Debug|x86.Build.0 = Debug|Any CPU
		{5FBCF716-C7BA-4411-A7A3-367F60DB1F86}.Release|Any CPU.ActiveCfg = Release|Any CPU
		{5FBCF716-C7BA-4411-A7A3-367F60DB1F86}.Release|Any CPU.Build.0 = Release|Any CPU
		{5FBCF716-C7BA-4411-A7A3-367F60DB1F86}.Release|x64.ActiveCfg = Release|Any CPU
		{5FBCF716-C7BA-4411-A7A3-367F60DB1F86}.Release|x64.Build.0 = Release|Any CPU
		{5FBCF716-C7BA-4411-A7A3-367F60DB1F86}.Release|x86.ActiveCfg = Release|Any CPU
		{5FBCF716-C7BA-4411-A7A3-367F60DB1F86}.Release|x86.Build.0 = Release|Any CPU
		{FF9B88E1-AC76-42E8-BE3D-EBABEE1EA4DA}.Debug|Any CPU.ActiveCfg = Debug|Any CPU
		{FF9B88E1-AC76-42E8-BE3D-EBABEE1EA4DA}.Debug|Any CPU.Build.0 = Debug|Any CPU
		{FF9B88E1-AC76-42E8-BE3D-EBABEE1EA4DA}.Debug|x64.ActiveCfg = Debug|Any CPU
		{FF9B88E1-AC76-42E8-BE3D-EBABEE1EA4DA}.Debug|x64.Build.0 = Debug|Any CPU
		{FF9B88E1-AC76-42E8-BE3D-EBABEE1EA4DA}.Debug|x86.ActiveCfg = Debug|Any CPU
		{FF9B88E1-AC76-42E8-BE3D-EBABEE1EA4DA}.Debug|x86.Build.0 = Debug|Any CPU
		{FF9B88E1-AC76-42E8-BE3D-EBABEE1EA4DA}.Release|Any CPU.ActiveCfg = Release|Any CPU
		{FF9B88E1-AC76-42E8-BE3D-EBABEE1EA4DA}.Release|Any CPU.Build.0 = Release|Any CPU
		{FF9B88E1-AC76-42E8-BE3D-EBABEE1EA4DA}.Release|x64.ActiveCfg = Release|Any CPU
		{FF9B88E1-AC76-42E8-BE3D-EBABEE1EA4DA}.Release|x64.Build.0 = Release|Any CPU
		{FF9B88E1-AC76-42E8-BE3D-EBABEE1EA4DA}.Release|x86.ActiveCfg = Release|Any CPU
		{FF9B88E1-AC76-42E8-BE3D-EBABEE1EA4DA}.Release|x86.Build.0 = Release|Any CPU
	EndGlobalSection
	GlobalSection(SolutionProperties) = preSolution
		HideSolutionNode = FALSE
	EndGlobalSection
	GlobalSection(NestedProjects) = preSolution
		{EBACE098-A20A-4CC3-8CB6-2D3712D80F8C} = {0AB3BF05-4346-4AA6-1389-037BE0695223}
		{5B566B7C-E85C-45B8-8A65-D37FB6160273} = {0AB3BF05-4346-4AA6-1389-037BE0695223}
		{9A3922EE-93F4-4D6D-9A85-4BD0EF3B5340} = {D9007A03-FD03-1159-6598-E081D0A1BEBA}
		{0033CC72-A5EF-4CF4-AD7B-91CF152E1C57} = {D9007A03-FD03-1159-6598-E081D0A1BEBA}
		{3E1EDA26-0F07-4F99-9E78-69CDC3E7DAF2} = {D9007A03-FD03-1159-6598-E081D0A1BEBA}
		{15EE24A3-CC41-44BC-B939-31B4EAECEF89} = {D9007A03-FD03-1159-6598-E081D0A1BEBA}
		{5FBCF716-C7BA-4411-A7A3-367F60DB1F86} = {D9007A03-FD03-1159-6598-E081D0A1BEBA}
		{BC16DADC-A0EB-B16A-6EF7-CA4A79ED8B78} = {D9007A03-FD03-1159-6598-E081D0A1BEBA}
		{A2DAD138-319D-B3C6-29AB-211E5B7C3918} = {BC16DADC-A0EB-B16A-6EF7-CA4A79ED8B78}
		{FF9B88E1-AC76-42E8-BE3D-EBABEE1EA4DA} = {A2DAD138-319D-B3C6-29AB-211E5B7C3918}
	EndGlobalSection
	GlobalSection(ExtensibilityGlobals) = postSolution
		SolutionGuid = {CEF3F5DE-CED1-47B0-BF43-FAAE84622A01}
	EndGlobalSection
EndGlobal
